// !$*UTF8*$!
{
	archiveVersion = 1;
	classes = {
	};
	objectVersion = 55;
	objects = {

/* Begin PBXBuildFile section */
		FF8492DB28E83C0D003EE195 /* AppDelegate.swift in Sources */ = {isa = PBXBuildFile; fileRef = FF8492DA28E83C0D003EE195 /* AppDelegate.swift */; };
		FF8492DD28E83C0D003EE195 /* SceneDelegate.swift in Sources */ = {isa = PBXBuildFile; fileRef = FF8492DC28E83C0D003EE195 /* SceneDelegate.swift */; };
		FF8492DF28E83C0D003EE195 /* ViewController.swift in Sources */ = {isa = PBXBuildFile; fileRef = FF8492DE28E83C0D003EE195 /* ViewController.swift */; };
		FF8492E228E83C0D003EE195 /* Main.storyboard in Resources */ = {isa = PBXBuildFile; fileRef = FF8492E028E83C0D003EE195 /* Main.storyboard */; };
		FF8492E428E83C0E003EE195 /* Assets.xcassets in Resources */ = {isa = PBXBuildFile; fileRef = FF8492E328E83C0E003EE195 /* Assets.xcassets */; };
		FF8492E728E83C0E003EE195 /* LaunchScreen.storyboard in Resources */ = {isa = PBXBuildFile; fileRef = FF8492E528E83C0E003EE195 /* LaunchScreen.storyboard */; };
		FF8492EF28E83D1C003EE195 /* ViewControllerB.swift in Sources */ = {isa = PBXBuildFile; fileRef = FF8492EE28E83D1C003EE195 /* ViewControllerB.swift */; };
		FF8492F128E83D27003EE195 /* ViewControllerC.swift in Sources */ = {isa = PBXBuildFile; fileRef = FF8492F028E83D27003EE195 /* ViewControllerC.swift */; };
/* End PBXBuildFile section */

/* Begin PBXFileReference section */
		FF8492D728E83C0D003EE195 /* Data-Transfer-StoryboardSegue.app */ = {isa = PBXFileReference; explicitFileType = wrapper.application; includeInIndex = 0; path = "Data-Transfer-StoryboardSegue.app"; sourceTree = BUILT_PRODUCTS_DIR; };
		FF8492DA28E83C0D003EE195 /* AppDelegate.swift */ = {isa = PBXFileReference; lastKnownFileType = sourcecode.swift; path = AppDelegate.swift; sourceTree = "<group>"; };
		FF8492DC28E83C0D003EE195 /* SceneDelegate.swift */ = {isa = PBXFileReference; lastKnownFileType = sourcecode.swift; path = SceneDelegate.swift; sourceTree = "<group>"; };
		FF8492DE28E83C0D003EE195 /* ViewController.swift */ = {isa = PBXFileReference; lastKnownFileType = sourcecode.swift; path = ViewController.swift; sourceTree = "<group>"; };
		FF8492E128E83C0D003EE195 /* Base */ = {isa = PBXFileReference; lastKnownFileType = file.storyboard; name = Base; path = Base.lproj/Main.storyboard; sourceTree = "<group>"; };
		FF8492E328E83C0E003EE195 /* Assets.xcassets */ = {isa = PBXFileReference; lastKnownFileType = folder.assetcatalog; path = Assets.xcassets; sourceTree = "<group>"; };
		FF8492E628E83C0E003EE195 /* Base */ = {isa = PBXFileReference; lastKnownFileType = file.storyboard; name = Base; path = Base.lproj/LaunchScreen.storyboard; sourceTree = "<group>"; };
		FF8492E828E83C0E003EE195 /* Info.plist */ = {isa = PBXFileReference; lastKnownFileType = text.plist.xml; path = Info.plist; sourceTree = "<group>"; };
		FF8492EE28E83D1C003EE195 /* ViewControllerB.swift */ = {isa = PBXFileReference; lastKnownFileType = sourcecode.swift; path = ViewControllerB.swift; sourceTree = "<group>"; };
		FF8492F028E83D27003EE195 /* ViewControllerC.swift */ = {isa = PBXFileReference; lastKnownFileType = sourcecode.swift; path = ViewControllerC.swift; sourceTree = "<group>"; };
/* End PBXFileReference section */

/* Begin PBXFrameworksBuildPhase section */
		FF8492D428E83C0D003EE195 /* Frameworks */ = {
			isa = PBXFrameworksBuildPhase;
			buildActionMask = 2147483647;
			files = (
			);
			runOnlyForDeploymentPostprocessing = 0;
		};
/* End PBXFrameworksBuildPhase section */

/* Begin PBXGroup section */
		FF8492CE28E83C0D003EE195 = {
			isa = PBXGroup;
			children = (
				FF8492D928E83C0D003EE195 /* Data-Transfer-StoryboardSegue */,
				FF8492D828E83C0D003EE195 /* Products */,
			);
			sourceTree = "<group>";
		};
		FF8492D828E83C0D003EE195 /* Products */ = {
			isa = PBXGroup;
			children = (
				FF8492D728E83C0D003EE195 /* Data-Transfer-StoryboardSegue.app */,
			);
			name = Products;
			sourceTree = "<group>";
		};
		FF8492D928E83C0D003EE195 /* Data-Transfer-StoryboardSegue */ = {
			isa = PBXGroup;
			children = (
				FF8492DA28E83C0D003EE195 /* AppDelegate.swift */,
				FF8492DC28E83C0D003EE195 /* SceneDelegate.swift */,
				FF8492DE28E83C0D003EE195 /* ViewController.swift */,
				FF8492EE28E83D1C003EE195 /* ViewControllerB.swift */,
				FF8492F028E83D27003EE195 /* ViewControllerC.swift */,
				FF8492E028E83C0D003EE195 /* Main.storyboard */,
				FF8492E328E83C0E003EE195 /* Assets.xcassets */,
				FF8492E528E83C0E003EE195 /* LaunchScreen.storyboard */,
				FF8492E828E83C0E003EE195 /* Info.plist */,
			);
			path = "Data-Transfer-StoryboardSegue";
			sourceTree = "<group>";
		};
/* End PBXGroup section */

/* Begin PBXNativeTarget section */
		FF8492D628E83C0D003EE195 /* Data-Transfer-StoryboardSegue */ = {
			isa = PBXNativeTarget;
			buildConfigurationList = FF8492EB28E83C0E003EE195 /* Build configuration list for PBXNativeTarget "Data-Transfer-StoryboardSegue" */;
			buildPhases = (
				FF8492D328E83C0D003EE195 /* Sources */,
				FF8492D428E83C0D003EE195 /* Frameworks */,
				FF8492D528E83C0D003EE195 /* Resources */,
			);
			buildRules = (
			);
			dependencies = (
			);
			name = "Data-Transfer-StoryboardSegue";
			productName = "Data-Transfer-StoryboardSegue";
			productReference = FF8492D728E83C0D003EE195 /* Data-Transfer-StoryboardSegue.app */;
			productType = "com.apple.product-type.application";
		};
/* End PBXNativeTarget section */

/* Begin PBXProject section */
		FF8492CF28E83C0D003EE195 /* Project object */ = {
			isa = PBXProject;
			attributes = {
				BuildIndependentTargetsInParallel = 1;
				LastSwiftUpdateCheck = 1340;
				LastUpgradeCheck = 1340;
				TargetAttributes = {
					FF8492D628E83C0D003EE195 = {
						CreatedOnToolsVersion = 13.4.1;
					};
				};
			};
			buildConfigurationList = FF8492D228E83C0D003EE195 /* Build configuration list for PBXProject "Data-Transfer-StoryboardSegue" */;
			compatibilityVersion = "Xcode 13.0";
			developmentRegion = en;
			hasScannedForEncodings = 0;
			knownRegions = (
				en,
				Base,
			);
			mainGroup = FF8492CE28E83C0D003EE195;
			productRefGroup = FF8492D828E83C0D003EE195 /* Products */;
			projectDirPath = "";
			projectRoot = "";
			targets = (
				FF8492D628E83C0D003EE195 /* Data-Transfer-StoryboardSegue */,
			);
		};
/* End PBXProject section */

/* Begin PBXResourcesBuildPhase section */
		FF8492D528E83C0D003EE195 /* Resources */ = {
			isa = PBXResourcesBuildPhase;
			buildActionMask = 2147483647;
			files = (
				FF8492E728E83C0E003EE195 /* LaunchScreen.storyboard in Resources */,
				FF8492E428E83C0E003EE195 /* Assets.xcassets in Resources */,
				FF8492E228E83C0D003EE195 /* Main.storyboard in Resources */,
			);
			runOnlyForDeploymentPostprocessing = 0;
		};
/* End PBXResourcesBuildPhase section */

/* Begin PBXSourcesBuildPhase section */
		FF8492D328E83C0D003EE195 /* Sources */ = {
			isa = PBXSourcesBuildPhase;
			buildActionMask = 2147483647;
			files = (
				FF8492DF28E83C0D003EE195 /* ViewController.swift in Sources */,
				FF8492EF28E83D1C003EE195 /* ViewControllerB.swift in Sources */,
				FF8492F128E83D27003EE195 /* ViewControllerC.swift in Sources */,
				FF8492DB28E83C0D003EE195 /* AppDelegate.swift in Sources */,
				FF8492DD28E83C0D003EE195 /* SceneDelegate.swift in Sources */,
			);
			runOnlyForDeploymentPostprocessing = 0;
		};
/* End PBXSourcesBuildPhase section */

/* Begin PBXVariantGroup section */
		FF8492E028E83C0D003EE195 /* Main.storyboard */ = {
			isa = PBXVariantGroup;
			children = (
				FF8492E128E83C0D003EE195 /* Base */,
			);
			name = Main.storyboard;
			sourceTree = "<group>";
		};
		FF8492E528E83C0E003EE195 /* LaunchScreen.storyboard */ = {
			isa = PBXVariantGroup;
			children = (
				FF8492E628E83C0E003EE195 /* Base */,
			);
			name = LaunchScreen.storyboard;
			sourceTree = "<group>";
		};
/* End PBXVariantGroup section */

/* Begin XCBuildConfiguration section */
		FF8492E928E83C0E003EE195 /* Debug */ = {
			isa = XCBuildConfiguration;
			buildSettings = {
				ALWAYS_SEARCH_USER_PATHS = NO;
				CLANG_ANALYZER_NONNULL = YES;
				CLANG_ANALYZER_NUMBER_OBJECT_CONVERSION = YES_AGGRESSIVE;
				CLANG_CXX_LANGUAGE_STANDARD = "gnu++17";
				CLANG_ENABLE_MODULES = YES;
				CLANG_ENABLE_OBJC_ARC = YES;
				CLANG_ENABLE_OBJC_WEAK = YES;
				CLANG_WARN_BLOCK_CAPTURE_AUTORELEASING = YES;
				CLANG_WARN_BOOL_CONVERSION = YES;
				CLANG_WARN_COMMA = YES;
				CLANG_WARN_CONSTANT_CONVERSION = YES;
				CLANG_WARN_DEPRECATED_OBJC_IMPLEMENTATIONS = YES;
				CLANG_WARN_DIRECT_OBJC_ISA_USAGE = YES_ERROR;
				CLANG_WARN_DOCUMENTATION_COMMENTS = YES;
				CLANG_WARN_EMPTY_BODY = YES;
				CLANG_WARN_ENUM_CONVERSION = YES;
				CLANG_WARN_INFINITE_RECURSION = YES;
				CLANG_WARN_INT_CONVERSION = YES;
				CLANG_WARN_NON_LITERAL_NULL_CONVERSION = YES;
				CLANG_WARN_OBJC_IMPLICIT_RETAIN_SELF = YES;
				CLANG_WARN_OBJC_LITERAL_CONVERSION = YES;
				CLANG_WARN_OBJC_ROOT_CLASS = YES_ERROR;
				CLANG_WARN_QUOTED_INCLUDE_IN_FRAMEWORK_HEADER = YES;
				CLANG_WARN_RANGE_LOOP_ANALYSIS = YES;
				CLANG_WARN_STRICT_PROTOTYPES = YES;
				CLANG_WARN_SUSPICIOUS_MOVE = YES;
				CLANG_WARN_UNGUARDED_AVAILABILITY = YES_AGGRESSIVE;
				CLANG_WARN_UNREACHABLE_CODE = YES;
				CLANG_WARN__DUPLICATE_METHOD_MATCH = YES;
				COPY_PHASE_STRIP = NO;
				DEBUG_INFORMATION_FORMAT = dwarf;
				ENABLE_STRICT_OBJC_MSGSEND = YES;
				ENABLE_TESTABILITY = YES;
				GCC_C_LANGUAGE_STANDARD = gnu11;
				GCC_DYNAMIC_NO_PIC = NO;
				GCC_NO_COMMON_BLOCKS = YES;
				GCC_OPTIMIZATION_LEVEL = 0;
				GCC_PREPROCESSOR_DEFINITIONS = (
					"DEBUG=1",
					"$(inherited)",
				);
				GCC_WARN_64_TO_32_BIT_CONVERSION = YES;
				GCC_WARN_ABOUT_RETURN_TYPE = YES_ERROR;
				GCC_WARN_UNDECLARED_SELECTOR = YES;
				GCC_WARN_UNINITIALIZED_AUTOS = YES_AGGRESSIVE;
				GCC_WARN_UNUSED_FUNCTION = YES;
				GCC_WARN_UNUSED_VARIABLE = YES;
				IPHONEOS_DEPLOYMENT_TARGET = 15.5;
				MTL_ENABLE_DEBUG_INFO = INCLUDE_SOURCE;
				MTL_FAST_MATH = YES;
				ONLY_ACTIVE_ARCH = YES;
				SDKROOT = iphoneos;
				SWIFT_ACTIVE_COMPILATION_CONDITIONS = DEBUG;
				SWIFT_OPTIMIZATION_LEVEL = "-Onone";
			};
			name = Debug;
		};
		FF8492EA28E83C0E003EE195 /* Release */ = {
			isa = XCBuildConfiguration;
			buildSettings = {
				ALWAYS_SEARCH_USER_PATHS = NO;
				CLANG_ANALYZER_NONNULL = YES;
				CLANG_ANALYZER_NUMBER_OBJECT_CONVERSION = YES_AGGRESSIVE;
				CLANG_CXX_LANGUAGE_STANDARD = "gnu++17";
				CLANG_ENABLE_MODULES = YES;
				CLANG_ENABLE_OBJC_ARC = YES;
				CLANG_ENABLE_OBJC_WEAK = YES;
				CLANG_WARN_BLOCK_CAPTURE_AUTORELEASING = YES;
				CLANG_WARN_BOOL_CONVERSION = YES;
				CLANG_WARN_COMMA = YES;
				CLANG_WARN_CONSTANT_CONVERSION = YES;
				CLANG_WARN_DEPRECATED_OBJC_IMPLEMENTATIONS = YES;
				CLANG_WARN_DIRECT_OBJC_ISA_USAGE = YES_ERROR;
				CLANG_WARN_DOCUMENTATION_COMMENTS = YES;
				CLANG_WARN_EMPTY_BODY = YES;
				CLANG_WARN_ENUM_CONVERSION = YES;
				CLANG_WARN_INFINITE_RECURSION = YES;
				CLANG_WARN_INT_CONVERSION = YES;
				CLANG_WARN_NON_LITERAL_NULL_CONVERSION = YES;
				CLANG_WARN_OBJC_IMPLICIT_RETAIN_SELF = YES;
				CLANG_WARN_OBJC_LITERAL_CONVERSION = YES;
				CLANG_WARN_OBJC_ROOT_CLASS = YES_ERROR;
				CLANG_WARN_QUOTED_INCLUDE_IN_FRAMEWORK_HEADER = YES;
				CLANG_WARN_RANGE_LOOP_ANALYSIS = YES;
				CLANG_WARN_STRICT_PROTOTYPES = YES;
				CLANG_WARN_SUSPICIOUS_MOVE = YES;
				CLANG_WARN_UNGUARDED_AVAILABILITY = YES_AGGRESSIVE;
				CLANG_WARN_UNREACHABLE_CODE = YES;
				CLANG_WARN__DUPLICATE_METHOD_MATCH = YES;
				COPY_PHASE_STRIP = NO;
				DEBUG_INFORMATION_FORMAT = "dwarf-with-dsym";
				ENABLE_NS_ASSERTIONS = NO;
				ENABLE_STRICT_OBJC_MSGSEND = YES;
				GCC_C_LANGUAGE_STANDARD = gnu11;
				GCC_NO_COMMON_BLOCKS = YES;
				GCC_WARN_64_TO_32_BIT_CONVERSION = YES;
				GCC_WARN_ABOUT_RETURN_TYPE = YES_ERROR;
				GCC_WARN_UNDECLARED_SELECTOR = YES;
				GCC_WARN_UNINITIALIZED_AUTOS = YES_AGGRESSIVE;
				GCC_WARN_UNUSED_FUNCTION = YES;
				GCC_WARN_UNUSED_VARIABLE = YES;
				IPHONEOS_DEPLOYMENT_TARGET = 15.5;
				MTL_ENABLE_DEBUG_INFO = NO;
				MTL_FAST_MATH = YES;
				SDKROOT = iphoneos;
				SWIFT_COMPILATION_MODE = wholemodule;
				SWIFT_OPTIMIZATION_LEVEL = "-O";
				VALIDATE_PRODUCT = YES;
			};
			name = Release;
		};
		FF8492EC28E83C0E003EE195 /* Debug */ = {
			isa = XCBuildConfiguration;
			buildSettings = {
				ASSETCATALOG_COMPILER_APPICON_NAME = AppIcon;
				ASSETCATALOG_COMPILER_GLOBAL_ACCENT_COLOR_NAME = AccentColor;
				CODE_SIGN_STYLE = Automatic;
				CURRENT_PROJECT_VERSION = 1;
				DEVELOPMENT_TEAM = 7DKZH9VMX9;
				GENERATE_INFOPLIST_FILE = YES;
				INFOPLIST_FILE = "Data-Transfer-StoryboardSegue/Info.plist";
				INFOPLIST_KEY_UIApplicationSupportsIndirectInputEvents = YES;
				INFOPLIST_KEY_UILaunchStoryboardName = LaunchScreen;
				INFOPLIST_KEY_UIMainStoryboardFile = Main;
				INFOPLIST_KEY_UISupportedInterfaceOrientations_iPad = "UIInterfaceOrientationPortrait UIInterfaceOrientationPortraitUpsideDown UIInterfaceOrientationLandscapeLeft UIInterfaceOrientationLandscapeRight";
				INFOPLIST_KEY_UISupportedInterfaceOrientations_iPhone = "UIInterfaceOrientationPortrait UIInterfaceOrientationLandscapeLeft UIInterfaceOrientationLandscapeRight";
				LD_RUNPATH_SEARCH_PATHS = (
					"$(inherited)",
					"@executable_path/Frameworks",
				);
				MARKETING_VERSION = 1.0;
				PRODUCT_BUNDLE_IDENTIFIER = "com.batuhan.Data-Transfer-StoryboardSegue";
				PRODUCT_NAME = "$(TARGET_NAME)";
				SWIFT_EMIT_LOC_STRINGS = YES;
				SWIFT_VERSION = 5.0;
				TARGETED_DEVICE_FAMILY = "1,2";
			};
			name = Debug;
		};
		FF8492ED28E83C0E003EE195 /* Release */ = {
			isa = XCBuildConfiguration;
			buildSettings = {
				ASSETCATALOG_COMPILER_APPICON_NAME = AppIcon;
				ASSETCATALOG_COMPILER_GLOBAL_ACCENT_COLOR_NAME = AccentColor;
				CODE_SIGN_STYLE = Automatic;
				CURRENT_PROJECT_VERSION = 1;
				DEVELOPMENT_TEAM = 7DKZH9VMX9;
				GENERATE_INFOPLIST_FILE = YES;
				INFOPLIST_FILE = "Data-Transfer-StoryboardSegue/Info.plist";
				INFOPLIST_KEY_UIApplicationSupportsIndirectInputEvents = YES;
				INFOPLIST_KEY_UILaunchStoryboardName = LaunchScreen;
				INFOPLIST_KEY_UIMainStoryboardFile = Main;
				INFOPLIST_KEY_UISupportedInterfaceOrientations_iPad = "UIInterfaceOrientationPortrait UIInterfaceOrientationPortraitUpsideDown UIInterfaceOrientationLandscapeLeft UIInterfaceOrientationLandscapeRight";
				INFOPLIST_KEY_UISupportedInterfaceOrientations_iPhone = "UIInterfaceOrientationPortrait UIInterfaceOrientationLandscapeLeft UIInterfaceOrientationLandscapeRight";
				LD_RUNPATH_SEARCH_PATHS = (
					"$(inherited)",
					"@executable_path/Frameworks",
				);
				MARKETING_VERSION = 1.0;
				PRODUCT_BUNDLE_IDENTIFIER = "com.batuhan.Data-Transfer-StoryboardSegue";
				PRODUCT_NAME = "$(TARGET_NAME)";
				SWIFT_EMIT_LOC_STRINGS = YES;
				SWIFT_VERSION = 5.0;
				TARGETED_DEVICE_FAMILY = "1,2";
			};
			name = Release;
		};
/* End XCBuildConfiguration section */

/* Begin XCConfigurationList section */
		FF8492D228E83C0D003EE195 /* Build configuration list for PBXProject "Data-Transfer-StoryboardSegue" */ = {
			isa = XCConfigurationList;
			buildConfigurations = (
				FF8492E928E83C0E003EE195 /* Debug */,
				FF8492EA28E83C0E003EE195 /* Release */,
			);
			defaultConfigurationIsVisible = 0;
			defaultConfigurationName = Release;
		};
		FF8492EB28E83C0E003EE195 /* Build configuration list for PBXNativeTarget "Data-Transfer-StoryboardSegue" */ = {
			isa = XCConfigurationList;
			buildConfigurations = (
				FF8492EC28E83C0E003EE195 /* Debug */,
				FF8492ED28E83C0E003EE195 /* Release */,
			);
			defaultConfigurationIsVisible = 0;
			defaultConfigurationName = Release;
		};
/* End XCConfigurationList section */
	};
	rootObject = FF8492CF28E83C0D003EE195 /* Project object */;
}
